
Microsoft Visual Studio Solution File, Format Version 12.00
# Visual Studio Version 17
VisualStudioVersion = 17.3.32929.385
MinimumVisualStudioVersion = 10.0.40219.1
Project("{FAE04EC0-301F-11D3-BF4B-00C04F79EFBC}") = "TPFinal.API", "TPFinal.API.csproj", "{49118623-16D8-447A-B2FF-D53BD4DE5953}"
EndProject
Project("{FAE04EC0-301F-11D3-BF4B-00C04F79EFBC}") = "TPFinal.Desktop", "..\TPFinal.Desktop\TPFinal.Desktop.csproj", "{F057C224-CE47-4C40-9059-689BB89C7D12}"
EndProject
Project("{FAE04EC0-301F-11D3-BF4B-00C04F79EFBC}") = "TPFinal.Web", "..\TPFinal.Web\TPFinal.Web.csproj", "{C47961E8-67E0-42D7-8D72-7C6DED097C4C}"
EndProject
Global
	GlobalSection(SolutionConfigurationPlatforms) = preSolution
		Debug|Any CPU = Debug|Any CPU
		Release|Any CPU = Release|Any CPU
	EndGlobalSection
	GlobalSection(ProjectConfigurationPlatforms) = postSolution
		{49118623-16D8-447A-B2FF-D53BD4DE5953}.Debug|Any CPU.ActiveCfg = Debug|Any CPU
		{49118623-16D8-447A-B2FF-D53BD4DE5953}.Debug|Any CPU.Build.0 = Debug|Any CPU
		{49118623-16D8-447A-B2FF-D53BD4DE5953}.Release|Any CPU.ActiveCfg = Release|Any CPU
		{49118623-16D8-447A-B2FF-D53BD4DE5953}.Release|Any CPU.Build.0 = Release|Any CPU
		{F057C224-CE47-4C40-9059-689BB89C7D12}.Debug|Any CPU.ActiveCfg = Debug|Any CPU
		{F057C224-CE47-4C40-9059-689BB89C7D12}.Debug|Any CPU.Build.0 = Debug|Any CPU
		{F057C224-CE47-4C40-9059-689BB89C7D12}.Release|Any CPU.ActiveCfg = Release|Any CPU
		{F057C224-CE47-4C40-9059-689BB89C7D12}.Release|Any CPU.Build.0 = Release|Any CPU
		{C47961E8-67E0-42D7-8D72-7C6DED097C4C}.Debug|Any CPU.ActiveCfg = Debug|Any CPU
		{C47961E8-67E0-42D7-8D72-7C6DED097C4C}.Debug|Any CPU.Build.0 = Debug|Any CPU
		{C47961E8-67E0-42D7-8D72-7C6DED097C4C}.Release|Any CPU.ActiveCfg = Release|Any CPU
		{C47961E8-67E0-42D7-8D72-7C6DED097C4C}.Release|Any CPU.Build.0 = Release|Any CPU
	EndGlobalSection
	GlobalSection(SolutionProperties) = preSolution
		HideSolutionNode = FALSE
	EndGlobalSection
	GlobalSection(ExtensibilityGlobals) = postSolution
		SolutionGuid = {39ED47DD-B95F-4FA2-8FBC-317B8EB060A0}
	EndGlobalSection
EndGlobal
