
Microsoft Visual Studio Solution File, Format Version 12.00
# Visual Studio Version 17
VisualStudioVersion = 17.3.32929.385
MinimumVisualStudioVersion = 10.0.40219.1
Project("{FAE04EC0-301F-11D3-BF4B-00C04F79EFBC}") = "TPFinal.Web", "TPFinal.Web.csproj", "{DD8A6887-C9D7-4575-8BD9-45A4FD18F3E3}"
EndProject
Global
	GlobalSection(SolutionConfigurationPlatforms) = preSolution
		Debug|Any CPU = Debug|Any CPU
		Release|Any CPU = Release|Any CPU
	EndGlobalSection
	GlobalSection(ProjectConfigurationPlatforms) = postSolution
		{DD8A6887-C9D7-4575-8BD9-45A4FD18F3E3}.Debug|Any CPU.ActiveCfg = Debug|Any CPU
		{DD8A6887-C9D7-4575-8BD9-45A4FD18F3E3}.Debug|Any CPU.Build.0 = Debug|Any CPU
		{DD8A6887-C9D7-4575-8BD9-45A4FD18F3E3}.Release|Any CPU.ActiveCfg = Release|Any CPU
		{DD8A6887-C9D7-4575-8BD9-45A4FD18F3E3}.Release|Any CPU.Build.0 = Release|Any CPU
	EndGlobalSection
	GlobalSection(SolutionProperties) = preSolution
		HideSolutionNode = FALSE
	EndGlobalSection
	GlobalSection(ExtensibilityGlobals) = postSolution
		SolutionGuid = {0F8BA216-8CBD-466B-BB0F-3B66FA1B89AB}
	EndGlobalSection
EndGlobal
